
Microsoft Visual Studio Solution File, Format Version 12.00
# Visual Studio 15
VisualStudioVersion = 15.0.28307.168
MinimumVisualStudioVersion = 10.0.40219.1
Project("{FAE04EC0-301F-11D3-BF4B-00C04F79EFBC}") = "WebApplication", "WebApplication\WebApplication.csproj", "{865CF2A6-9BFA-4F3B-A264-64465315DCC8}"
EndProject
Global
	GlobalSection(SolutionConfigurationPlatforms) = preSolution
		Debug|Any CPU = Debug|Any CPU
		Release|Any CPU = Release|Any CPU
	EndGlobalSection
	GlobalSection(ProjectConfigurationPlatforms) = postSolution
		{865CF2A6-9BFA-4F3B-A264-64465315DCC8}.Debug|Any CPU.ActiveCfg = Debug|Any CPU
		{865CF2A6-9BFA-4F3B-A264-64465315DCC8}.Debug|Any CPU.Build.0 = Debug|Any CPU
		{865CF2A6-9BFA-4F3B-A264-64465315DCC8}.Release|Any CPU.ActiveCfg = Release|Any CPU
		{865CF2A6-9BFA-4F3B-A264-64465315DCC8}.Release|Any CPU.Build.0 = Release|Any CPU
	EndGlobalSection
	GlobalSection(SolutionProperties) = preSolution
		HideSolutionNode = FALSE
	EndGlobalSection
	GlobalSection(ExtensibilityGlobals) = postSolution
		SolutionGuid = {1AB264A8-585D-46F2-9DB1-019E8C457A9F}
	EndGlobalSection
EndGlobal
